
Microsoft Visual Studio Solution File, Format Version 12.00
# Visual Studio Version 16
VisualStudioVersion = 25.0.1704.4
MinimumVisualStudioVersion = 10.0.40219.1
Project("{FAE04EC0-301F-11D3-BF4B-00C04F79EFBC}") = "MethodOverloadingExercise", "MethodOverloadingExercise\MethodOverloadingExercise.csproj", "{55034CB7-D647-42EB-A4C6-64C0C78594FB}"
EndProject
Global
	GlobalSection(SolutionConfigurationPlatforms) = preSolution
		Debug|Any CPU = Debug|Any CPU
		Release|Any CPU = Release|Any CPU
	EndGlobalSection
	GlobalSection(ProjectConfigurationPlatforms) = postSolution
		{55034CB7-D647-42EB-A4C6-64C0C78594FB}.Debug|Any CPU.ActiveCfg = Debug|Any CPU
		{55034CB7-D647-42EB-A4C6-64C0C78594FB}.Debug|Any CPU.Build.0 = Debug|Any CPU
		{55034CB7-D647-42EB-A4C6-64C0C78594FB}.Release|Any CPU.ActiveCfg = Release|Any CPU
		{55034CB7-D647-42EB-A4C6-64C0C78594FB}.Release|Any CPU.Build.0 = Release|Any CPU
	EndGlobalSection
	GlobalSection(SolutionProperties) = preSolution
		HideSolutionNode = FALSE
	EndGlobalSection
	GlobalSection(ExtensibilityGlobals) = postSolution
		SolutionGuid = {405A5ADD-C98D-40AF-AF51-E99F100EFC67}
	EndGlobalSection
EndGlobal
